
Microsoft Visual Studio Solution File, Format Version 12.00
# Visual Studio Version 17
VisualStudioVersion = 17.3.32929.385
MinimumVisualStudioVersion = 10.0.40219.1
Project("{FAE04EC0-301F-11D3-BF4B-00C04F79EFBC}") = "AlgorithmVisualizer.Server", "Server\AlgorithmVisualizer.Server.csproj", "{88C7B1E0-4FCC-42B4-8726-4C1A874F23F3}"
EndProject
Project("{FAE04EC0-301F-11D3-BF4B-00C04F79EFBC}") = "AlgorithmVisualizer.Client", "Client\AlgorithmVisualizer.Client.csproj", "{ED651835-D2AE-4CC9-8CA2-9BFC2F90E83F}"
EndProject
Project("{FAE04EC0-301F-11D3-BF4B-00C04F79EFBC}") = "AlgorithmVisualizer.Shared", "Shared\AlgorithmVisualizer.Shared.csproj", "{3607F447-092D-45AC-A1D9-F2A3DAEB6363}"
EndProject
Global
	GlobalSection(SolutionConfigurationPlatforms) = preSolution
		Debug|Any CPU = Debug|Any CPU
		Release|Any CPU = Release|Any CPU
	EndGlobalSection
	GlobalSection(ProjectConfigurationPlatforms) = postSolution
		{88C7B1E0-4FCC-42B4-8726-4C1A874F23F3}.Debug|Any CPU.ActiveCfg = Debug|Any CPU
		{88C7B1E0-4FCC-42B4-8726-4C1A874F23F3}.Debug|Any CPU.Build.0 = Debug|Any CPU
		{88C7B1E0-4FCC-42B4-8726-4C1A874F23F3}.Release|Any CPU.ActiveCfg = Release|Any CPU
		{88C7B1E0-4FCC-42B4-8726-4C1A874F23F3}.Release|Any CPU.Build.0 = Release|Any CPU
		{ED651835-D2AE-4CC9-8CA2-9BFC2F90E83F}.Debug|Any CPU.ActiveCfg = Debug|Any CPU
		{ED651835-D2AE-4CC9-8CA2-9BFC2F90E83F}.Debug|Any CPU.Build.0 = Debug|Any CPU
		{ED651835-D2AE-4CC9-8CA2-9BFC2F90E83F}.Release|Any CPU.ActiveCfg = Release|Any CPU
		{ED651835-D2AE-4CC9-8CA2-9BFC2F90E83F}.Release|Any CPU.Build.0 = Release|Any CPU
		{3607F447-092D-45AC-A1D9-F2A3DAEB6363}.Debug|Any CPU.ActiveCfg = Debug|Any CPU
		{3607F447-092D-45AC-A1D9-F2A3DAEB6363}.Debug|Any CPU.Build.0 = Debug|Any CPU
		{3607F447-092D-45AC-A1D9-F2A3DAEB6363}.Release|Any CPU.ActiveCfg = Release|Any CPU
		{3607F447-092D-45AC-A1D9-F2A3DAEB6363}.Release|Any CPU.Build.0 = Release|Any CPU
	EndGlobalSection
	GlobalSection(SolutionProperties) = preSolution
		HideSolutionNode = FALSE
	EndGlobalSection
	GlobalSection(ExtensibilityGlobals) = postSolution
		SolutionGuid = {67BBFD74-C5D1-4F76-831A-D06C544199B7}
	EndGlobalSection
EndGlobal
